<?xml version="1.0" encoding="UTF-8"?>
<CONFIG>
  <ProjectOptions>
    <Version Value="10"/>
    <General>
      <SessionStorage Value="InProjectDir"/>
      <MainUnit Value="0"/>
      <Title Value="PhilleConnectTeacher"/>
      <ResourceType Value="res"/>
      <UseXPManifest Value="True"/>
      <Icon Value="0"/>
    </General>
    <i18n>
      <EnableI18N LFM="False"/>
    </i18n>
    <BuildModes Count="1">
      <Item1 Name="Default" Default="True"/>
    </BuildModes>
    <PublishOptions>
      <Version Value="2"/>
    </PublishOptions>
    <RunParams>
      <local>
        <FormatVersion Value="1"/>
      </local>
    </RunParams>
    <RequiredPackages Count="2">
      <Item1>
        <PackageName Value="laz_synapse"/>
      </Item1>
      <Item2>
        <PackageName Value="LCL"/>
      </Item2>
    </RequiredPackages>
    <Units Count="17">
      <Unit0>
        <Filename Value="PhilleConnectTeacher.lpr"/>
        <IsPartOfProject Value="True"/>
        <UnitName Value="PhilleConnectStart"/>
      </Unit0>
      <Unit1>
        <Filename Value="pcs.pas"/>
        <IsPartOfProject Value="True"/>
        <ComponentName Value="window"/>
        <HasResources Value="True"/>
        <ResourceBaseClass Value="Form"/>
        <UnitName Value="PCS"/>
      </Unit1>
      <Unit2>
        <Filename Value="usmbshare.pas"/>
        <IsPartOfProject Value="True"/>
        <UnitName Value="USMBShare"/>
      </Unit2>
      <Unit3>
        <Filename Value="ugetmacadress.pas"/>
        <IsPartOfProject Value="True"/>
        <UnitName Value="UGetMacAdress"/>
      </Unit3>
      <Unit4>
        <Filename Value="ugetipadress.pas"/>
        <IsPartOfProject Value="True"/>
        <UnitName Value="UGetIPAdress"/>
      </Unit4>
      <Unit5>
        <Filename Value="uclientmachine.pas"/>
        <IsPartOfProject Value="True"/>
        <UnitName Value="UClientMachine"/>
      </Unit5>
      <Unit6>
        <Filename Value="uvncview.pas"/>
        <IsPartOfProject Value="True"/>
        <UnitName Value="UVNCView"/>
      </Unit6>
      <Unit7>
        <Filename Value="ucreateimagethread.pas"/>
        <IsPartOfProject Value="True"/>
        <UnitName Value="UCreateImageThread"/>
      </Unit7>
      <Unit8>
        <Filename Value="ucontrolmachinethread.pas"/>
        <IsPartOfProject Value="True"/>
        <UnitName Value="UControlMachineThread"/>
      </Unit8>
      <Unit9>
        <Filename Value="uchangepassword.pas"/>
        <IsPartOfProject Value="True"/>
        <ComponentName Value="CPForm"/>
        <HasResources Value="True"/>
        <ResourceBaseClass Value="Form"/>
        <UnitName Value="UChangePassword"/>
      </Unit9>
      <Unit10>
        <Filename Value="uresetstudentpassword.pas"/>
        <IsPartOfProject Value="True"/>
        <ComponentName Value="RSPForm"/>
        <HasResources Value="True"/>
        <ResourceBaseClass Value="Form"/>
        <UnitName Value="UResetStudentPassword"/>
      </Unit10>
      <Unit11>
        <Filename Value="usmbthread.pas"/>
        <IsPartOfProject Value="True"/>
        <UnitName Value="USMBThread"/>
      </Unit11>
      <Unit12>
        <Filename Value="uclientstatusthread.pas"/>
        <IsPartOfProject Value="True"/>
        <UnitName Value="UClientStatusThread"/>
      </Unit12>
      <Unit13>
        <Filename Value="upingthread.pas"/>
        <IsPartOfProject Value="True"/>
        <UnitName Value="UPingThread"/>
      </Unit13>
      <Unit14>
        <Filename Value="urequestthread.pas"/>
        <IsPartOfProject Value="True"/>
        <UnitName Value="URequestThread"/>
      </Unit14>
      <Unit15>
        <Filename Value="../synalist-code-r207-trunk/ssl_openssl.pas"/>
        <IsPartOfProject Value="True"/>
      </Unit15>
      <Unit16>
        <Filename Value="../synalist-code-r207-trunk/ssl_openssl_lib.pas"/>
        <IsPartOfProject Value="True"/>
      </Unit16>
    </Units>
  </ProjectOptions>
  <CompilerOptions>
    <Version Value="11"/>
    <Target>
      <Filename Value="PhilleConnectTeacher"/>
    </Target>
    <SearchPaths>
      <IncludeFiles Value="$(ProjOutDir)"/>
      <OtherUnitFiles Value="../synalist-code-r207-trunk"/>
      <UnitOutputDirectory Value="lib/$(TargetCPU)-$(TargetOS)"/>
    </SearchPaths>
    <CodeGeneration>
      <TargetCPU Value="x86_64"/>
      <Optimizations>
        <OptimizationLevel Value="3"/>
      </Optimizations>
    </CodeGeneration>
    <Linking>
      <Debugging>
        <GenerateDebugInfo Value="False"/>
      </Debugging>
      <Options>
        <Win32>
          <GraphicApplication Value="True"/>
        </Win32>
      </Options>
    </Linking>
  </CompilerOptions>
  <Debugging>
    <Exceptions Count="3">
      <Item1>
        <Name Value="EAbort"/>
      </Item1>
      <Item2>
        <Name Value="ECodetoolError"/>
      </Item2>
      <Item3>
        <Name Value="EFOpenError"/>
      </Item3>
    </Exceptions>
  </Debugging>
</CONFIG>
